
Microsoft Visual Studio Solution File, Format Version 12.00
# Visual Studio Version 17
VisualStudioVersion = 17.1.32210.238
MinimumVisualStudioVersion = 10.0.40219.1
Project("{8BC9CEB8-8B4A-11D0-8D11-00A0C91BC942}") = "DZ_13_Barley-Break", "DZ_13_Barley-Break\DZ_13_Barley-Break.vcxproj", "{538CFBD4-B246-4091-95DB-39FBFA482651}"
EndProject
Global
	GlobalSection(SolutionConfigurationPlatforms) = preSolution
		Debug|x64 = Debug|x64
		Debug|x86 = Debug|x86
		Release|x64 = Release|x64
		Release|x86 = Release|x86
	EndGlobalSection
	GlobalSection(ProjectConfigurationPlatforms) = postSolution
		{538CFBD4-B246-4091-95DB-39FBFA482651}.Debug|x64.ActiveCfg = Debug|x64
		{538CFBD4-B246-4091-95DB-39FBFA482651}.Debug|x64.Build.0 = Debug|x64
		{538CFBD4-B246-4091-95DB-39FBFA482651}.Debug|x86.ActiveCfg = Debug|Win32
		{538CFBD4-B246-4091-95DB-39FBFA482651}.Debug|x86.Build.0 = Debug|Win32
		{538CFBD4-B246-4091-95DB-39FBFA482651}.Release|x64.ActiveCfg = Release|x64
		{538CFBD4-B246-4091-95DB-39FBFA482651}.Release|x64.Build.0 = Release|x64
		{538CFBD4-B246-4091-95DB-39FBFA482651}.Release|x86.ActiveCfg = Release|Win32
		{538CFBD4-B246-4091-95DB-39FBFA482651}.Release|x86.Build.0 = Release|Win32
	EndGlobalSection
	GlobalSection(SolutionProperties) = preSolution
		HideSolutionNode = FALSE
	EndGlobalSection
	GlobalSection(ExtensibilityGlobals) = postSolution
		SolutionGuid = {C979D7C0-CD61-4EBD-B45F-01C3037F34F2}
	EndGlobalSection
EndGlobal
